
Microsoft Visual Studio Solution File, Format Version 12.00
# Visual Studio Version 17
VisualStudioVersion = 17.2.32616.157
MinimumVisualStudioVersion = 10.0.40219.1
Project("{FAE04EC0-301F-11D3-BF4B-00C04F79EFBC}") = "HomePracticeI", "HomePracticeI\HomePracticeI.csproj", "{AB92EB4B-7CCA-4C5F-9D80-200D2CF6CF56}"
EndProject
Global
	GlobalSection(SolutionConfigurationPlatforms) = preSolution
		Debug|Any CPU = Debug|Any CPU
		Release|Any CPU = Release|Any CPU
	EndGlobalSection
	GlobalSection(ProjectConfigurationPlatforms) = postSolution
		{AB92EB4B-7CCA-4C5F-9D80-200D2CF6CF56}.Debug|Any CPU.ActiveCfg = Debug|Any CPU
		{AB92EB4B-7CCA-4C5F-9D80-200D2CF6CF56}.Debug|Any CPU.Build.0 = Debug|Any CPU
		{AB92EB4B-7CCA-4C5F-9D80-200D2CF6CF56}.Release|Any CPU.ActiveCfg = Release|Any CPU
		{AB92EB4B-7CCA-4C5F-9D80-200D2CF6CF56}.Release|Any CPU.Build.0 = Release|Any CPU
	EndGlobalSection
	GlobalSection(SolutionProperties) = preSolution
		HideSolutionNode = FALSE
	EndGlobalSection
	GlobalSection(ExtensibilityGlobals) = postSolution
		SolutionGuid = {D7E8CA93-DF76-46C6-8C6F-1F563BAA92FF}
	EndGlobalSection
EndGlobal
